
Microsoft Visual Studio Solution File, Format Version 12.00
# Visual Studio 15
Project("{FAE04EC0-301F-11D3-BF4B-00C04F79EFBC}") = "Assembly-CSharp", "Assembly-CSharp.csproj", "{433F733B-B518-31D3-E511-8892535F43DC}"
EndProject
Global
	GlobalSection(SolutionConfigurationPlatforms) = preSolution
		Debug|Any CPU = Debug|Any CPU
		Release|Any CPU = Release|Any CPU
	EndGlobalSection
	GlobalSection(ProjectConfigurationPlatforms) = postSolution
		{433F733B-B518-31D3-E511-8892535F43DC}.Debug|Any CPU.ActiveCfg = Debug|Any CPU
		{433F733B-B518-31D3-E511-8892535F43DC}.Debug|Any CPU.Build.0 = Debug|Any CPU
		{433F733B-B518-31D3-E511-8892535F43DC}.Release|Any CPU.ActiveCfg = Release|Any CPU
		{433F733B-B518-31D3-E511-8892535F43DC}.Release|Any CPU.Build.0 = Release|Any CPU
	EndGlobalSection
	GlobalSection(SolutionProperties) = preSolution
		HideSolutionNode = FALSE
	EndGlobalSection
EndGlobal
